
Microsoft Visual Studio Solution File, Format Version 12.00
# Visual Studio Version 17
VisualStudioVersion = 17.8.34330.188
MinimumVisualStudioVersion = 10.0.40219.1
Project("{FAE04EC0-301F-11D3-BF4B-00C04F79EFBC}") = "Desafio1-GuillermoGutierrez", "Desafio1-GuillermoGutierrez\Desafio1-GuillermoGutierrez.csproj", "{CFAE3E1A-79F9-4DED-912D-CB69A810FBB2}"
EndProject
Global
	GlobalSection(SolutionConfigurationPlatforms) = preSolution
		Debug|Any CPU = Debug|Any CPU
		Release|Any CPU = Release|Any CPU
	EndGlobalSection
	GlobalSection(ProjectConfigurationPlatforms) = postSolution
		{CFAE3E1A-79F9-4DED-912D-CB69A810FBB2}.Debug|Any CPU.ActiveCfg = Debug|Any CPU
		{CFAE3E1A-79F9-4DED-912D-CB69A810FBB2}.Debug|Any CPU.Build.0 = Debug|Any CPU
		{CFAE3E1A-79F9-4DED-912D-CB69A810FBB2}.Release|Any CPU.ActiveCfg = Release|Any CPU
		{CFAE3E1A-79F9-4DED-912D-CB69A810FBB2}.Release|Any CPU.Build.0 = Release|Any CPU
	EndGlobalSection
	GlobalSection(SolutionProperties) = preSolution
		HideSolutionNode = FALSE
	EndGlobalSection
	GlobalSection(ExtensibilityGlobals) = postSolution
		SolutionGuid = {320718FE-5E2D-4380-87A3-AA9D9EA393FD}
	EndGlobalSection
EndGlobal
